# This file is automatically @generated by Cargo.
# It is not intended for manual editing.
version = 4

[[package]]
name = "mini"
version = "0.1.0"
source = "git+https://github.com/zx3no/mini#ec48dc3423f0fb9c5e0642891a9a1a7cb5d4f8cf"

[[package]]
name = "window"
version = "0.1.0"
dependencies = [
 "mini",
]
